
Microsoft Visual Studio Solution File, Format Version 12.00
# Visual Studio Version 17
VisualStudioVersion = 17.7.34202.233
MinimumVisualStudioVersion = 10.0.40219.1
Project("{54A90642-561A-4BB1-A94E-469ADEE60C69}") = "course_work_on_react", "course_work_on_react.esproj", "{759ED9A1-CB60-4B92-8A08-5EFCDA43D72A}"
EndProject
Global
	GlobalSection(SolutionConfigurationPlatforms) = preSolution
		Debug|Any CPU = Debug|Any CPU
		Release|Any CPU = Release|Any CPU
	EndGlobalSection
	GlobalSection(ProjectConfigurationPlatforms) = postSolution
		{759ED9A1-CB60-4B92-8A08-5EFCDA43D72A}.Debug|Any CPU.ActiveCfg = Debug|Any CPU
		{759ED9A1-CB60-4B92-8A08-5EFCDA43D72A}.Debug|Any CPU.Build.0 = Debug|Any CPU
		{759ED9A1-CB60-4B92-8A08-5EFCDA43D72A}.Debug|Any CPU.Deploy.0 = Debug|Any CPU
		{759ED9A1-CB60-4B92-8A08-5EFCDA43D72A}.Release|Any CPU.ActiveCfg = Release|Any CPU
		{759ED9A1-CB60-4B92-8A08-5EFCDA43D72A}.Release|Any CPU.Build.0 = Release|Any CPU
		{759ED9A1-CB60-4B92-8A08-5EFCDA43D72A}.Release|Any CPU.Deploy.0 = Release|Any CPU
	EndGlobalSection
	GlobalSection(SolutionProperties) = preSolution
		HideSolutionNode = FALSE
	EndGlobalSection
	GlobalSection(ExtensibilityGlobals) = postSolution
		SolutionGuid = {007558CC-3C7A-479F-9C09-57AB2468E9F9}
	EndGlobalSection
EndGlobal
